psycopg==3.2.10 \
    --hash=sha256:ab5caf09a9ec42e314a21f5216dbcceac528e0e05142e42eea83a3b28b320ac3
psycopg-binary==3.2.10 \
    --hash=sha256:e037aac8dc894d147ef33056fc826ee5072977107a3fdf06122224353a057598
typing-extensions==4.16.0 \
    --hash=sha256:481caa481374e813c1b176ada14e97f1f67a4539ce9cfeb3f350d78d6370c2e8
